
Microsoft Visual Studio Solution File, Format Version 12.00
# Visual Studio 15
VisualStudioVersion = 15.0.28010.2048
MinimumVisualStudioVersion = 10.0.40219.1
Project("{FAE04EC0-301F-11D3-BF4B-00C04F79EFBC}") = "JHH", "JHH\JHH.csproj", "{92ADA213-1DAC-4156-8B75-A3BFF5FEA09C}"
EndProject
Project("{FAE04EC0-301F-11D3-BF4B-00C04F79EFBC}") = "TCPServer", "TCPServer\TCPServer.csproj", "{8B68C7EE-14A0-48C0-9AB6-829FAA2E6C2D}"
EndProject
Global
	GlobalSection(SolutionConfigurationPlatforms) = preSolution
		Debug|Any CPU = Debug|Any CPU
		Release|Any CPU = Release|Any CPU
	EndGlobalSection
	GlobalSection(ProjectConfigurationPlatforms) = postSolution
		{92ADA213-1DAC-4156-8B75-A3BFF5FEA09C}.Debug|Any CPU.ActiveCfg = Debug|Any CPU
		{92ADA213-1DAC-4156-8B75-A3BFF5FEA09C}.Debug|Any CPU.Build.0 = Debug|Any CPU
		{92ADA213-1DAC-4156-8B75-A3BFF5FEA09C}.Release|Any CPU.ActiveCfg = Release|Any CPU
		{92ADA213-1DAC-4156-8B75-A3BFF5FEA09C}.Release|Any CPU.Build.0 = Release|Any CPU
		{8B68C7EE-14A0-48C0-9AB6-829FAA2E6C2D}.Debug|Any CPU.ActiveCfg = Debug|Any CPU
		{8B68C7EE-14A0-48C0-9AB6-829FAA2E6C2D}.Debug|Any CPU.Build.0 = Debug|Any CPU
		{8B68C7EE-14A0-48C0-9AB6-829FAA2E6C2D}.Release|Any CPU.ActiveCfg = Release|Any CPU
		{8B68C7EE-14A0-48C0-9AB6-829FAA2E6C2D}.Release|Any CPU.Build.0 = Release|Any CPU
	EndGlobalSection
	GlobalSection(SolutionProperties) = preSolution
		HideSolutionNode = FALSE
	EndGlobalSection
	GlobalSection(ExtensibilityGlobals) = postSolution
		SolutionGuid = {AF7984DD-D740-47F2-90B5-05AA2D772122}
	EndGlobalSection
EndGlobal
