
Microsoft Visual Studio Solution File, Format Version 12.00
# Visual Studio 15
VisualStudioVersion = 15.0.28010.2048
MinimumVisualStudioVersion = 10.0.40219.1
Project("{FAE04EC0-301F-11D3-BF4B-00C04F79EFBC}") = "JHH", "JHH\JHH.csproj", "{92ADA213-1DAC-4156-8B75-A3BFF5FEA09C}"
EndProject
Project("{FAE04EC0-301F-11D3-BF4B-00C04F79EFBC}") = "LoginServer", "LoginServer\LoginServer.csproj", "{A10488C2-E630-4259-9276-1DEB465C1A42}"
EndProject
Project("{2150E333-8FDC-42A3-9474-1A3956D46DE8}") = "JHHCore", "JHHCore", "{459F03C6-B6C2-4CA1-A9E6-467087D92B99}"
EndProject
Project("{FAE04EC0-301F-11D3-BF4B-00C04F79EFBC}") = "JHHCorelib", "JHHCorelib\JHHCorelib.csproj", "{9158611F-4375-474E-8639-02DBE6DF6C43}"
EndProject
Project("{2150E333-8FDC-42A3-9474-1A3956D46DE8}") = "Servers", "Servers", "{D1FA9795-FFDB-423B-A20C-CAA957996480}"
EndProject
Project("{2150E333-8FDC-42A3-9474-1A3956D46DE8}") = "Dapper", "Dapper", "{8E78D9F6-C396-4F78-A7C8-E16799B170C9}"
EndProject
Project("{FAE04EC0-301F-11D3-BF4B-00C04F79EFBC}") = "ServerCommon", "ServerCommon\ServerCommon.csproj", "{114B4B3C-4C84-4660-9AF6-EBA3340FC440}"
EndProject
Project("{2150E333-8FDC-42A3-9474-1A3956D46DE8}") = "Test", "Test", "{09C2FED4-30CD-4BFC-BADB-AEB2D8301CAD}"
EndProject
Project("{FAE04EC0-301F-11D3-BF4B-00C04F79EFBC}") = "LoginDummy", "LoginDummy\LoginDummy.csproj", "{A55EAD23-1344-431A-89FA-D1A7B414A453}"
EndProject
Global
	GlobalSection(SolutionConfigurationPlatforms) = preSolution
		Debug|Any CPU = Debug|Any CPU
		Release|Any CPU = Release|Any CPU
	EndGlobalSection
	GlobalSection(ProjectConfigurationPlatforms) = postSolution
		{92ADA213-1DAC-4156-8B75-A3BFF5FEA09C}.Debug|Any CPU.ActiveCfg = Debug|Any CPU
		{92ADA213-1DAC-4156-8B75-A3BFF5FEA09C}.Debug|Any CPU.Build.0 = Debug|Any CPU
		{92ADA213-1DAC-4156-8B75-A3BFF5FEA09C}.Release|Any CPU.ActiveCfg = Release|Any CPU
		{92ADA213-1DAC-4156-8B75-A3BFF5FEA09C}.Release|Any CPU.Build.0 = Release|Any CPU
		{A10488C2-E630-4259-9276-1DEB465C1A42}.Debug|Any CPU.ActiveCfg = Debug|Any CPU
		{A10488C2-E630-4259-9276-1DEB465C1A42}.Debug|Any CPU.Build.0 = Debug|Any CPU
		{A10488C2-E630-4259-9276-1DEB465C1A42}.Release|Any CPU.ActiveCfg = Release|Any CPU
		{A10488C2-E630-4259-9276-1DEB465C1A42}.Release|Any CPU.Build.0 = Release|Any CPU
		{9158611F-4375-474E-8639-02DBE6DF6C43}.Debug|Any CPU.ActiveCfg = Debug|Any CPU
		{9158611F-4375-474E-8639-02DBE6DF6C43}.Debug|Any CPU.Build.0 = Debug|Any CPU
		{9158611F-4375-474E-8639-02DBE6DF6C43}.Release|Any CPU.ActiveCfg = Release|Any CPU
		{9158611F-4375-474E-8639-02DBE6DF6C43}.Release|Any CPU.Build.0 = Release|Any CPU
		{114B4B3C-4C84-4660-9AF6-EBA3340FC440}.Debug|Any CPU.ActiveCfg = Debug|Any CPU
		{114B4B3C-4C84-4660-9AF6-EBA3340FC440}.Debug|Any CPU.Build.0 = Debug|Any CPU
		{114B4B3C-4C84-4660-9AF6-EBA3340FC440}.Release|Any CPU.ActiveCfg = Release|Any CPU
		{114B4B3C-4C84-4660-9AF6-EBA3340FC440}.Release|Any CPU.Build.0 = Release|Any CPU
		{A55EAD23-1344-431A-89FA-D1A7B414A453}.Debug|Any CPU.ActiveCfg = Debug|Any CPU
		{A55EAD23-1344-431A-89FA-D1A7B414A453}.Debug|Any CPU.Build.0 = Debug|Any CPU
		{A55EAD23-1344-431A-89FA-D1A7B414A453}.Release|Any CPU.ActiveCfg = Release|Any CPU
		{A55EAD23-1344-431A-89FA-D1A7B414A453}.Release|Any CPU.Build.0 = Release|Any CPU
	EndGlobalSection
	GlobalSection(SolutionProperties) = preSolution
		HideSolutionNode = FALSE
	EndGlobalSection
	GlobalSection(NestedProjects) = preSolution
		{A10488C2-E630-4259-9276-1DEB465C1A42} = {D1FA9795-FFDB-423B-A20C-CAA957996480}
		{9158611F-4375-474E-8639-02DBE6DF6C43} = {459F03C6-B6C2-4CA1-A9E6-467087D92B99}
		{8E78D9F6-C396-4F78-A7C8-E16799B170C9} = {D1FA9795-FFDB-423B-A20C-CAA957996480}
		{114B4B3C-4C84-4660-9AF6-EBA3340FC440} = {459F03C6-B6C2-4CA1-A9E6-467087D92B99}
		{A55EAD23-1344-431A-89FA-D1A7B414A453} = {09C2FED4-30CD-4BFC-BADB-AEB2D8301CAD}
	EndGlobalSection
	GlobalSection(ExtensibilityGlobals) = postSolution
		SolutionGuid = {AF7984DD-D740-47F2-90B5-05AA2D772122}
	EndGlobalSection
EndGlobal
